{
  "nodes": {
    "nixpkgs": {
      "locked": {
        "lastModified": 1769268028,
        "narHash": "sha256-mAdJpV0e5IGZjnE4f/8uf0E4hQR7ptRP00gnZKUOdMo=",
        "ref": "nixpkgs-unstable",
        "rev": "ab9fbbcf4858bd6d40ba2bbec37ceb4ab6e1f562",
        "shallow": true,
        "type": "git",
        "url": "https://github.com/NixOS/nixpkgs"
      },
      "original": {
        "ref": "nixpkgs-unstable",
        "shallow": true,
        "type": "git",
        "url": "https://github.com/NixOS/nixpkgs"
      }
    },
    "root": {
      "inputs": {
        "nixpkgs": "nixpkgs"
      }
    }
  },
  "root": "root",
  "version": 7
}
